
Microsoft Visual Studio Solution File, Format Version 12.00
# Visual Studio Version 17
VisualStudioVersion = 17.2.32519.379
MinimumVisualStudioVersion = 10.0.40219.1
Project("{FAE04EC0-301F-11D3-BF4B-00C04F79EFBC}") = "adrilight", "adrilight\adrilight.csproj", "{676C8A62-95E9-4E4A-A73F-C8DAD62C0851}"
EndProject
Project("{FAE04EC0-301F-11D3-BF4B-00C04F79EFBC}") = "FTPServer", "FTPServer\FTPServer.csproj", "{5B8BF436-7610-4335-80EB-809A7E7A655F}"
EndProject
Project("{FAE04EC0-301F-11D3-BF4B-00C04F79EFBC}") = "adrilight_content_creator", "adrilight_content_creator\adrilight_content_creator.csproj", "{D071DEAC-2133-4021-84F0-908B6FF8BECB}"
EndProject
Project("{FAE04EC0-301F-11D3-BF4B-00C04F79EFBC}") = "GongSolutions.Wpf.DragDrop", "gong-wpf-dragdrop\GongSolutions.Wpf.DragDrop\GongSolutions.Wpf.DragDrop.csproj", "{0C6674CC-6D49-414A-9B41-D4E175028FFB}"
EndProject
Project("{FAE04EC0-301F-11D3-BF4B-00C04F79EFBC}") = "TimeLineTool", "TimeLineTool\TimeLineTool.csproj", "{7439A26A-46E1-42A0-9D58-2E38289675F6}"
EndProject
Project("{FAE04EC0-301F-11D3-BF4B-00C04F79EFBC}") = "adrilight_shared", "adrilight_shared\adrilight_shared.csproj", "{808CF0C2-F33B-4CFB-9D34-8EC8115CB2C2}"
EndProject
Global
	GlobalSection(SolutionConfigurationPlatforms) = preSolution
		Debug|Any CPU = Debug|Any CPU
		Debug|ARM64 = Debug|ARM64
		Debug|x64 = Debug|x64
		Debug|x86 = Debug|x86
		Release|Any CPU = Release|Any CPU
		Release|ARM64 = Release|ARM64
		Release|x64 = Release|x64
		Release|x86 = Release|x86
	EndGlobalSection
	GlobalSection(ProjectConfigurationPlatforms) = postSolution
		{676C8A62-95E9-4E4A-A73F-C8DAD62C0851}.Debug|Any CPU.ActiveCfg = Debug|x64
		{676C8A62-95E9-4E4A-A73F-C8DAD62C0851}.Debug|Any CPU.Build.0 = Debug|x64
		{676C8A62-95E9-4E4A-A73F-C8DAD62C0851}.Debug|ARM64.ActiveCfg = Debug|ARM64
		{676C8A62-95E9-4E4A-A73F-C8DAD62C0851}.Debug|ARM64.Build.0 = Debug|ARM64
		{676C8A62-95E9-4E4A-A73F-C8DAD62C0851}.Debug|x64.ActiveCfg = Debug|x64
		{676C8A62-95E9-4E4A-A73F-C8DAD62C0851}.Debug|x64.Build.0 = Debug|x64
		{676C8A62-95E9-4E4A-A73F-C8DAD62C0851}.Debug|x86.ActiveCfg = Debug|Any CPU
		{676C8A62-95E9-4E4A-A73F-C8DAD62C0851}.Debug|x86.Build.0 = Debug|Any CPU
		{676C8A62-95E9-4E4A-A73F-C8DAD62C0851}.Release|Any CPU.ActiveCfg = Release|Any CPU
		{676C8A62-95E9-4E4A-A73F-C8DAD62C0851}.Release|Any CPU.Build.0 = Release|Any CPU
		{676C8A62-95E9-4E4A-A73F-C8DAD62C0851}.Release|ARM64.ActiveCfg = Release|ARM64
		{676C8A62-95E9-4E4A-A73F-C8DAD62C0851}.Release|ARM64.Build.0 = Release|ARM64
		{676C8A62-95E9-4E4A-A73F-C8DAD62C0851}.Release|x64.ActiveCfg = Release|Any CPU
		{676C8A62-95E9-4E4A-A73F-C8DAD62C0851}.Release|x64.Build.0 = Release|Any CPU
		{676C8A62-95E9-4E4A-A73F-C8DAD62C0851}.Release|x86.ActiveCfg = Release|Any CPU
		{676C8A62-95E9-4E4A-A73F-C8DAD62C0851}.Release|x86.Build.0 = Release|Any CPU
		{5B8BF436-7610-4335-80EB-809A7E7A655F}.Debug|Any CPU.ActiveCfg = Debug|Any CPU
		{5B8BF436-7610-4335-80EB-809A7E7A655F}.Debug|Any CPU.Build.0 = Debug|Any CPU
		{5B8BF436-7610-4335-80EB-809A7E7A655F}.Debug|ARM64.ActiveCfg = Debug|ARM64
		{5B8BF436-7610-4335-80EB-809A7E7A655F}.Debug|ARM64.Build.0 = Debug|ARM64
		{5B8BF436-7610-4335-80EB-809A7E7A655F}.Debug|x64.ActiveCfg = Debug|Any CPU
		{5B8BF436-7610-4335-80EB-809A7E7A655F}.Debug|x64.Build.0 = Debug|Any CPU
		{5B8BF436-7610-4335-80EB-809A7E7A655F}.Debug|x86.ActiveCfg = Debug|Any CPU
		{5B8BF436-7610-4335-80EB-809A7E7A655F}.Debug|x86.Build.0 = Debug|Any CPU
		{5B8BF436-7610-4335-80EB-809A7E7A655F}.Release|Any CPU.ActiveCfg = Release|Any CPU
		{5B8BF436-7610-4335-80EB-809A7E7A655F}.Release|Any CPU.Build.0 = Release|Any CPU
		{5B8BF436-7610-4335-80EB-809A7E7A655F}.Release|ARM64.ActiveCfg = Release|ARM64
		{5B8BF436-7610-4335-80EB-809A7E7A655F}.Release|ARM64.Build.0 = Release|ARM64
		{5B8BF436-7610-4335-80EB-809A7E7A655F}.Release|x64.ActiveCfg = Release|Any CPU
		{5B8BF436-7610-4335-80EB-809A7E7A655F}.Release|x64.Build.0 = Release|Any CPU
		{5B8BF436-7610-4335-80EB-809A7E7A655F}.Release|x86.ActiveCfg = Release|Any CPU
		{5B8BF436-7610-4335-80EB-809A7E7A655F}.Release|x86.Build.0 = Release|Any CPU
		{D071DEAC-2133-4021-84F0-908B6FF8BECB}.Debug|Any CPU.ActiveCfg = Debug|x64
		{D071DEAC-2133-4021-84F0-908B6FF8BECB}.Debug|Any CPU.Build.0 = Debug|x64
		{D071DEAC-2133-4021-84F0-908B6FF8BECB}.Debug|ARM64.ActiveCfg = Debug|ARM64
		{D071DEAC-2133-4021-84F0-908B6FF8BECB}.Debug|ARM64.Build.0 = Debug|ARM64
		{D071DEAC-2133-4021-84F0-908B6FF8BECB}.Debug|x64.ActiveCfg = Debug|x64
		{D071DEAC-2133-4021-84F0-908B6FF8BECB}.Debug|x64.Build.0 = Debug|x64
		{D071DEAC-2133-4021-84F0-908B6FF8BECB}.Debug|x86.ActiveCfg = Debug|Any CPU
		{D071DEAC-2133-4021-84F0-908B6FF8BECB}.Debug|x86.Build.0 = Debug|Any CPU
		{D071DEAC-2133-4021-84F0-908B6FF8BECB}.Release|Any CPU.ActiveCfg = Release|Any CPU
		{D071DEAC-2133-4021-84F0-908B6FF8BECB}.Release|Any CPU.Build.0 = Release|Any CPU
		{D071DEAC-2133-4021-84F0-908B6FF8BECB}.Release|ARM64.ActiveCfg = Release|ARM64
		{D071DEAC-2133-4021-84F0-908B6FF8BECB}.Release|ARM64.Build.0 = Release|ARM64
		{D071DEAC-2133-4021-84F0-908B6FF8BECB}.Release|x64.ActiveCfg = Release|Any CPU
		{D071DEAC-2133-4021-84F0-908B6FF8BECB}.Release|x64.Build.0 = Release|Any CPU
		{D071DEAC-2133-4021-84F0-908B6FF8BECB}.Release|x86.ActiveCfg = Release|Any CPU
		{D071DEAC-2133-4021-84F0-908B6FF8BECB}.Release|x86.Build.0 = Release|Any CPU
		{0C6674CC-6D49-414A-9B41-D4E175028FFB}.Debug|Any CPU.ActiveCfg = Debug|Any CPU
		{0C6674CC-6D49-414A-9B41-D4E175028FFB}.Debug|Any CPU.Build.0 = Debug|Any CPU
		{0C6674CC-6D49-414A-9B41-D4E175028FFB}.Debug|ARM64.ActiveCfg = Debug|ARM64
		{0C6674CC-6D49-414A-9B41-D4E175028FFB}.Debug|ARM64.Build.0 = Debug|ARM64
		{0C6674CC-6D49-414A-9B41-D4E175028FFB}.Debug|x64.ActiveCfg = Debug|Any CPU
		{0C6674CC-6D49-414A-9B41-D4E175028FFB}.Debug|x64.Build.0 = Debug|Any CPU
		{0C6674CC-6D49-414A-9B41-D4E175028FFB}.Debug|x86.ActiveCfg = Debug|Any CPU
		{0C6674CC-6D49-414A-9B41-D4E175028FFB}.Debug|x86.Build.0 = Debug|Any CPU
		{0C6674CC-6D49-414A-9B41-D4E175028FFB}.Release|Any CPU.ActiveCfg = Release|Any CPU
		{0C6674CC-6D49-414A-9B41-D4E175028FFB}.Release|Any CPU.Build.0 = Release|Any CPU
		{0C6674CC-6D49-414A-9B41-D4E175028FFB}.Release|ARM64.ActiveCfg = Release|ARM64
		{0C6674CC-6D49-414A-9B41-D4E175028FFB}.Release|ARM64.Build.0 = Release|ARM64
		{0C6674CC-6D49-414A-9B41-D4E175028FFB}.Release|x64.ActiveCfg = Release|Any CPU
		{0C6674CC-6D49-414A-9B41-D4E175028FFB}.Release|x64.Build.0 = Release|Any CPU
		{0C6674CC-6D49-414A-9B41-D4E175028FFB}.Release|x86.ActiveCfg = Release|Any CPU
		{0C6674CC-6D49-414A-9B41-D4E175028FFB}.Release|x86.Build.0 = Release|Any CPU
		{7439A26A-46E1-42A0-9D58-2E38289675F6}.Debug|Any CPU.ActiveCfg = Debug|Any CPU
		{7439A26A-46E1-42A0-9D58-2E38289675F6}.Debug|Any CPU.Build.0 = Debug|Any CPU
		{7439A26A-46E1-42A0-9D58-2E38289675F6}.Debug|ARM64.ActiveCfg = Debug|ARM64
		{7439A26A-46E1-42A0-9D58-2E38289675F6}.Debug|ARM64.Build.0 = Debug|ARM64
		{7439A26A-46E1-42A0-9D58-2E38289675F6}.Debug|x64.ActiveCfg = Debug|Any CPU
		{7439A26A-46E1-42A0-9D58-2E38289675F6}.Debug|x64.Build.0 = Debug|Any CPU
		{7439A26A-46E1-42A0-9D58-2E38289675F6}.Debug|x86.ActiveCfg = Debug|Any CPU
		{7439A26A-46E1-42A0-9D58-2E38289675F6}.Debug|x86.Build.0 = Debug|Any CPU
		{7439A26A-46E1-42A0-9D58-2E38289675F6}.Release|Any CPU.ActiveCfg = Release|Any CPU
		{7439A26A-46E1-42A0-9D58-2E38289675F6}.Release|Any CPU.Build.0 = Release|Any CPU
		{7439A26A-46E1-42A0-9D58-2E38289675F6}.Release|ARM64.ActiveCfg = Release|ARM64
		{7439A26A-46E1-42A0-9D58-2E38289675F6}.Release|ARM64.Build.0 = Release|ARM64
		{7439A26A-46E1-42A0-9D58-2E38289675F6}.Release|x64.ActiveCfg = Release|Any CPU
		{7439A26A-46E1-42A0-9D58-2E38289675F6}.Release|x64.Build.0 = Release|Any CPU
		{7439A26A-46E1-42A0-9D58-2E38289675F6}.Release|x86.ActiveCfg = Release|Any CPU
		{7439A26A-46E1-42A0-9D58-2E38289675F6}.Release|x86.Build.0 = Release|Any CPU
		{808CF0C2-F33B-4CFB-9D34-8EC8115CB2C2}.Debug|Any CPU.ActiveCfg = Debug|Any CPU
		{808CF0C2-F33B-4CFB-9D34-8EC8115CB2C2}.Debug|Any CPU.Build.0 = Debug|Any CPU
		{808CF0C2-F33B-4CFB-9D34-8EC8115CB2C2}.Debug|ARM64.ActiveCfg = Debug|ARM64
		{808CF0C2-F33B-4CFB-9D34-8EC8115CB2C2}.Debug|ARM64.Build.0 = Debug|ARM64
		{808CF0C2-F33B-4CFB-9D34-8EC8115CB2C2}.Debug|x64.ActiveCfg = Debug|Any CPU
		{808CF0C2-F33B-4CFB-9D34-8EC8115CB2C2}.Debug|x64.Build.0 = Debug|Any CPU
		{808CF0C2-F33B-4CFB-9D34-8EC8115CB2C2}.Debug|x86.ActiveCfg = Debug|Any CPU
		{808CF0C2-F33B-4CFB-9D34-8EC8115CB2C2}.Debug|x86.Build.0 = Debug|Any CPU
		{808CF0C2-F33B-4CFB-9D34-8EC8115CB2C2}.Release|Any CPU.ActiveCfg = Release|Any CPU
		{808CF0C2-F33B-4CFB-9D34-8EC8115CB2C2}.Release|Any CPU.Build.0 = Release|Any CPU
		{808CF0C2-F33B-4CFB-9D34-8EC8115CB2C2}.Release|ARM64.ActiveCfg = Release|ARM64
		{808CF0C2-F33B-4CFB-9D34-8EC8115CB2C2}.Release|ARM64.Build.0 = Release|ARM64
		{808CF0C2-F33B-4CFB-9D34-8EC8115CB2C2}.Release|x64.ActiveCfg = Release|Any CPU
		{808CF0C2-F33B-4CFB-9D34-8EC8115CB2C2}.Release|x64.Build.0 = Release|Any CPU
		{808CF0C2-F33B-4CFB-9D34-8EC8115CB2C2}.Release|x86.ActiveCfg = Release|Any CPU
		{808CF0C2-F33B-4CFB-9D34-8EC8115CB2C2}.Release|x86.Build.0 = Release|Any CPU
	EndGlobalSection
	GlobalSection(SolutionProperties) = preSolution
		HideSolutionNode = FALSE
	EndGlobalSection
	GlobalSection(ExtensibilityGlobals) = postSolution
		SolutionGuid = {94BF4143-1681-44B0-9D71-45AA69E3C29F}
	EndGlobalSection
EndGlobal
